// !$*UTF8*$!
{
	archiveVersion = 1;
	classes = {
	};
	objectVersion = 50;
	objects = {

/* Begin PBXBuildFile section */
		B8A73FCD2682A68400F99C0C /* AppDelegate.swift in Sources */ = {isa = PBXBuildFile; fileRef = B8A73FCC2682A68400F99C0C /* AppDelegate.swift */; };
		B8A73FCF2682A68400F99C0C /* SceneDelegate.swift in Sources */ = {isa = PBXBuildFile; fileRef = B8A73FCE2682A68400F99C0C /* SceneDelegate.swift */; };
		B8A73FD12682A68400F99C0C /* ViewController.swift in Sources */ = {isa = PBXBuildFile; fileRef = B8A73FD02682A68400F99C0C /* ViewController.swift */; };
		B8A73FD42682A68400F99C0C /* Main.storyboard in Resources */ = {isa = PBXBuildFile; fileRef = B8A73FD22682A68400F99C0C /* Main.storyboard */; };
		B8A73FD72682A68400F99C0C /* AddButton.xcdatamodeld in Sources */ = {isa = PBXBuildFile; fileRef = B8A73FD52682A68400F99C0C /* AddButton.xcdatamodeld */; };
		B8A73FD92682A68400F99C0C /* Assets.xcassets in Resources */ = {isa = PBXBuildFile; fileRef = B8A73FD82682A68400F99C0C /* Assets.xcassets */; };
		B8A73FDC2682A68400F99C0C /* LaunchScreen.storyboard in Resources */ = {isa = PBXBuildFile; fileRef = B8A73FDA2682A68400F99C0C /* LaunchScreen.storyboard */; };
/* End PBXBuildFile section */

/* Begin PBXFileReference section */
		B8A73FC92682A68400F99C0C /* AddButton.app */ = {isa = PBXFileReference; explicitFileType = wrapper.application; includeInIndex = 0; path = AddButton.app; sourceTree = BUILT_PRODUCTS_DIR; };
		B8A73FCC2682A68400F99C0C /* AppDelegate.swift */ = {isa = PBXFileReference; lastKnownFileType = sourcecode.swift; path = AppDelegate.swift; sourceTree = "<group>"; };
		B8A73FCE2682A68400F99C0C /* SceneDelegate.swift */ = {isa = PBXFileReference; lastKnownFileType = sourcecode.swift; path = SceneDelegate.swift; sourceTree = "<group>"; };
		B8A73FD02682A68400F99C0C /* ViewController.swift */ = {isa = PBXFileReference; lastKnownFileType = sourcecode.swift; path = ViewController.swift; sourceTree = "<group>"; };
		B8A73FD32682A68400F99C0C /* Base */ = {isa = PBXFileReference; lastKnownFileType = file.storyboard; name = Base; path = Base.lproj/Main.storyboard; sourceTree = "<group>"; };
		B8A73FD62682A68400F99C0C /* AddButton.xcdatamodel */ = {isa = PBXFileReference; lastKnownFileType = wrapper.xcdatamodel; path = AddButton.xcdatamodel; sourceTree = "<group>"; };
		B8A73FD82682A68400F99C0C /* Assets.xcassets */ = {isa = PBXFileReference; lastKnownFileType = folder.assetcatalog; path = Assets.xcassets; sourceTree = "<group>"; };
		B8A73FDB2682A68400F99C0C /* Base */ = {isa = PBXFileReference; lastKnownFileType = file.storyboard; name = Base; path = Base.lproj/LaunchScreen.storyboard; sourceTree = "<group>"; };
		B8A73FDD2682A68400F99C0C /* Info.plist */ = {isa = PBXFileReference; lastKnownFileType = text.plist.xml; path = Info.plist; sourceTree = "<group>"; };
/* End PBXFileReference section */

/* Begin PBXFrameworksBuildPhase section */
		B8A73FC62682A68400F99C0C /* Frameworks */ = {
			isa = PBXFrameworksBuildPhase;
			buildActionMask = 2147483647;
			files = (
			);
			runOnlyForDeploymentPostprocessing = 0;
		};
/* End PBXFrameworksBuildPhase section */

/* Begin PBXGroup section */
		B8A73FC02682A68400F99C0C = {
			isa = PBXGroup;
			children = (
				B8A73FCB2682A68400F99C0C /* AddButton */,
				B8A73FCA2682A68400F99C0C /* Products */,
			);
			sourceTree = "<group>";
		};
		B8A73FCA2682A68400F99C0C /* Products */ = {
			isa = PBXGroup;
			children = (
				B8A73FC92682A68400F99C0C /* AddButton.app */,
			);
			name = Products;
			sourceTree = "<group>";
		};
		B8A73FCB2682A68400F99C0C /* AddButton */ = {
			isa = PBXGroup;
			children = (
				B8A73FCC2682A68400F99C0C /* AppDelegate.swift */,
				B8A73FCE2682A68400F99C0C /* SceneDelegate.swift */,
				B8A73FD02682A68400F99C0C /* ViewController.swift */,
				B8A73FD22682A68400F99C0C /* Main.storyboard */,
				B8A73FD82682A68400F99C0C /* Assets.xcassets */,
				B8A73FDA2682A68400F99C0C /* LaunchScreen.storyboard */,
				B8A73FDD2682A68400F99C0C /* Info.plist */,
				B8A73FD52682A68400F99C0C /* AddButton.xcdatamodeld */,
			);
			path = AddButton;
			sourceTree = "<group>";
		};
/* End PBXGroup section */

/* Begin PBXNativeTarget section */
		B8A73FC82682A68400F99C0C /* AddButton */ = {
			isa = PBXNativeTarget;
			buildConfigurationList = B8A73FE02682A68400F99C0C /* Build configuration list for PBXNativeTarget "AddButton" */;
			buildPhases = (
				B8A73FC52682A68400F99C0C /* Sources */,
				B8A73FC62682A68400F99C0C /* Frameworks */,
				B8A73FC72682A68400F99C0C /* Resources */,
			);
			buildRules = (
			);
			dependencies = (
			);
			name = AddButton;
			productName = AddButton;
			productReference = B8A73FC92682A68400F99C0C /* AddButton.app */;
			productType = "com.apple.product-type.application";
		};
/* End PBXNativeTarget section */

/* Begin PBXProject section */
		B8A73FC12682A68400F99C0C /* Project object */ = {
			isa = PBXProject;
			attributes = {
				LastSwiftUpdateCheck = 1250;
				LastUpgradeCheck = 1250;
				TargetAttributes = {
					B8A73FC82682A68400F99C0C = {
						CreatedOnToolsVersion = 12.5;
					};
				};
			};
			buildConfigurationList = B8A73FC42682A68400F99C0C /* Build configuration list for PBXProject "AddButton" */;
			compatibilityVersion = "Xcode 9.3";
			developmentRegion = en;
			hasScannedForEncodings = 0;
			knownRegions = (
				en,
				Base,
			);
			mainGroup = B8A73FC02682A68400F99C0C;
			productRefGroup = B8A73FCA2682A68400F99C0C /* Products */;
			projectDirPath = "";
			projectRoot = "";
			targets = (
				B8A73FC82682A68400F99C0C /* AddButton */,
			);
		};
/* End PBXProject section */

/* Begin PBXResourcesBuildPhase section */
		B8A73FC72682A68400F99C0C /* Resources */ = {
			isa = PBXResourcesBuildPhase;
			buildActionMask = 2147483647;
			files = (
				B8A73FDC2682A68400F99C0C /* LaunchScreen.storyboard in Resources */,
				B8A73FD92682A68400F99C0C /* Assets.xcassets in Resources */,
				B8A73FD42682A68400F99C0C /* Main.storyboard in Resources */,
			);
			runOnlyForDeploymentPostprocessing = 0;
		};
/* End PBXResourcesBuildPhase section */

/* Begin PBXSourcesBuildPhase section */
		B8A73FC52682A68400F99C0C /* Sources */ = {
			isa = PBXSourcesBuildPhase;
			buildActionMask = 2147483647;
			files = (
				B8A73FD12682A68400F99C0C /* ViewController.swift in Sources */,
				B8A73FCD2682A68400F99C0C /* AppDelegate.swift in Sources */,
				B8A73FCF2682A68400F99C0C /* SceneDelegate.swift in Sources */,
				B8A73FD72682A68400F99C0C /* AddButton.xcdatamodeld in Sources */,
			);
			runOnlyForDeploymentPostprocessing = 0;
		};
/* End PBXSourcesBuildPhase section */

/* Begin PBXVariantGroup section */
		B8A73FD22682A68400F99C0C /* Main.storyboard */ = {
			isa = PBXVariantGroup;
			children = (
				B8A73FD32682A68400F99C0C /* Base */,
			);
			name = Main.storyboard;
			sourceTree = "<group>";
		};
		B8A73FDA2682A68400F99C0C /* LaunchScreen.storyboard */ = {
			isa = PBXVariantGroup;
			children = (
				B8A73FDB2682A68400F99C0C /* Base */,
			);
			name = LaunchScreen.storyboard;
			sourceTree = "<group>";
		};
/* End PBXVariantGroup section */

/* Begin XCBuildConfiguration section */
		B8A73FDE2682A68400F99C0C /* Debug */ = {
			isa = XCBuildConfiguration;
			buildSettings = {
				ALWAYS_SEARCH_USER_PATHS = NO;
				CLANG_ANALYZER_NONNULL = YES;
				CLANG_ANALYZER_NUMBER_OBJECT_CONVERSION = YES_AGGRESSIVE;
				CLANG_CXX_LANGUAGE_STANDARD = "gnu++14";
				CLANG_CXX_LIBRARY = "libc++";
				CLANG_ENABLE_MODULES = YES;
				CLANG_ENABLE_OBJC_ARC = YES;
				CLANG_ENABLE_OBJC_WEAK = YES;
				CLANG_WARN_BLOCK_CAPTURE_AUTORELEASING = YES;
				CLANG_WARN_BOOL_CONVERSION = YES;
				CLANG_WARN_COMMA = YES;
				CLANG_WARN_CONSTANT_CONVERSION = YES;
				CLANG_WARN_DEPRECATED_OBJC_IMPLEMENTATIONS = YES;
				CLANG_WARN_DIRECT_OBJC_ISA_USAGE = YES_ERROR;
				CLANG_WARN_DOCUMENTATION_COMMENTS = YES;
				CLANG_WARN_EMPTY_BODY = YES;
				CLANG_WARN_ENUM_CONVERSION = YES;
				CLANG_WARN_INFINITE_RECURSION = YES;
				CLANG_WARN_INT_CONVERSION = YES;
				CLANG_WARN_NON_LITERAL_NULL_CONVERSION = YES;
				CLANG_WARN_OBJC_IMPLICIT_RETAIN_SELF = YES;
				CLANG_WARN_OBJC_LITERAL_CONVERSION = YES;
				CLANG_WARN_OBJC_ROOT_CLASS = YES_ERROR;
				CLANG_WARN_QUOTED_INCLUDE_IN_FRAMEWORK_HEADER = YES;
				CLANG_WARN_RANGE_LOOP_ANALYSIS = YES;
				CLANG_WARN_STRICT_PROTOTYPES = YES;
				CLANG_WARN_SUSPICIOUS_MOVE = YES;
				CLANG_WARN_UNGUARDED_AVAILABILITY = YES_AGGRESSIVE;
				CLANG_WARN_UNREACHABLE_CODE = YES;
				CLANG_WARN__DUPLICATE_METHOD_MATCH = YES;
				COPY_PHASE_STRIP = NO;
				DEBUG_INFORMATION_FORMAT = dwarf;
				ENABLE_STRICT_OBJC_MSGSEND = YES;
				ENABLE_TESTABILITY = YES;
				GCC_C_LANGUAGE_STANDARD = gnu11;
				GCC_DYNAMIC_NO_PIC = NO;
				GCC_NO_COMMON_BLOCKS = YES;
				GCC_OPTIMIZATION_LEVEL = 0;
				GCC_PREPROCESSOR_DEFINITIONS = (
					"DEBUG=1",
					"$(inherited)",
				);
				GCC_WARN_64_TO_32_BIT_CONVERSION = YES;
				GCC_WARN_ABOUT_RETURN_TYPE = YES_ERROR;
				GCC_WARN_UNDECLARED_SELECTOR = YES;
				GCC_WARN_UNINITIALIZED_AUTOS = YES_AGGRESSIVE;
				GCC_WARN_UNUSED_FUNCTION = YES;
				GCC_WARN_UNUSED_VARIABLE = YES;
				IPHONEOS_DEPLOYMENT_TARGET = 14.5;
				MTL_ENABLE_DEBUG_INFO = INCLUDE_SOURCE;
				MTL_FAST_MATH = YES;
				ONLY_ACTIVE_ARCH = YES;
				SDKROOT = iphoneos;
				SWIFT_ACTIVE_COMPILATION_CONDITIONS = DEBUG;
				SWIFT_OPTIMIZATION_LEVEL = "-Onone";
			};
			name = Debug;
		};
		B8A73FDF2682A68400F99C0C /* Release */ = {
			isa = XCBuildConfiguration;
			buildSettings = {
				ALWAYS_SEARCH_USER_PATHS = NO;
				CLANG_ANALYZER_NONNULL = YES;
				CLANG_ANALYZER_NUMBER_OBJECT_CONVERSION = YES_AGGRESSIVE;
				CLANG_CXX_LANGUAGE_STANDARD = "gnu++14";
				CLANG_CXX_LIBRARY = "libc++";
				CLANG_ENABLE_MODULES = YES;
				CLANG_ENABLE_OBJC_ARC = YES;
				CLANG_ENABLE_OBJC_WEAK = YES;
				CLANG_WARN_BLOCK_CAPTURE_AUTORELEASING = YES;
				CLANG_WARN_BOOL_CONVERSION = YES;
				CLANG_WARN_COMMA = YES;
				CLANG_WARN_CONSTANT_CONVERSION = YES;
				CLANG_WARN_DEPRECATED_OBJC_IMPLEMENTATIONS = YES;
				CLANG_WARN_DIRECT_OBJC_ISA_USAGE = YES_ERROR;
				CLANG_WARN_DOCUMENTATION_COMMENTS = YES;
				CLANG_WARN_EMPTY_BODY = YES;
				CLANG_WARN_ENUM_CONVERSION = YES;
				CLANG_WARN_INFINITE_RECURSION = YES;
				CLANG_WARN_INT_CONVERSION = YES;
				CLANG_WARN_NON_LITERAL_NULL_CONVERSION = YES;
				CLANG_WARN_OBJC_IMPLICIT_RETAIN_SELF = YES;
				CLANG_WARN_OBJC_LITERAL_CONVERSION = YES;
				CLANG_WARN_OBJC_ROOT_CLASS = YES_ERROR;
				CLANG_WARN_QUOTED_INCLUDE_IN_FRAMEWORK_HEADER = YES;
				CLANG_WARN_RANGE_LOOP_ANALYSIS = YES;
				CLANG_WARN_STRICT_PROTOTYPES = YES;
				CLANG_WARN_SUSPICIOUS_MOVE = YES;
				CLANG_WARN_UNGUARDED_AVAILABILITY = YES_AGGRESSIVE;
				CLANG_WARN_UNREACHABLE_CODE = YES;
				CLANG_WARN__DUPLICATE_METHOD_MATCH = YES;
				COPY_PHASE_STRIP = NO;
				DEBUG_INFORMATION_FORMAT = "dwarf-with-dsym";
				ENABLE_NS_ASSERTIONS = NO;
				ENABLE_STRICT_OBJC_MSGSEND = YES;
				GCC_C_LANGUAGE_STANDARD = gnu11;
				GCC_NO_COMMON_BLOCKS = YES;
				GCC_WARN_64_TO_32_BIT_CONVERSION = YES;
				GCC_WARN_ABOUT_RETURN_TYPE = YES_ERROR;
				GCC_WARN_UNDECLARED_SELECTOR = YES;
				GCC_WARN_UNINITIALIZED_AUTOS = YES_AGGRESSIVE;
				GCC_WARN_UNUSED_FUNCTION = YES;
				GCC_WARN_UNUSED_VARIABLE = YES;
				IPHONEOS_DEPLOYMENT_TARGET = 14.5;
				MTL_ENABLE_DEBUG_INFO = NO;
				MTL_FAST_MATH = YES;
				SDKROOT = iphoneos;
				SWIFT_COMPILATION_MODE = wholemodule;
				SWIFT_OPTIMIZATION_LEVEL = "-O";
				VALIDATE_PRODUCT = YES;
			};
			name = Release;
		};
		B8A73FE12682A68400F99C0C /* Debug */ = {
			isa = XCBuildConfiguration;
			buildSettings = {
				ASSETCATALOG_COMPILER_APPICON_NAME = AppIcon;
				ASSETCATALOG_COMPILER_GLOBAL_ACCENT_COLOR_NAME = AccentColor;
				CODE_SIGN_STYLE = Automatic;
				INFOPLIST_FILE = AddButton/Info.plist;
				LD_RUNPATH_SEARCH_PATHS = (
					"$(inherited)",
					"@executable_path/Frameworks",
				);
				PRODUCT_BUNDLE_IDENTIFIER = "-----------.AddButton";
				PRODUCT_NAME = "$(TARGET_NAME)";
				SWIFT_VERSION = 5.0;
				TARGETED_DEVICE_FAMILY = "1,2";
			};
			name = Debug;
		};
		B8A73FE22682A68400F99C0C /* Release */ = {
			isa = XCBuildConfiguration;
			buildSettings = {
				ASSETCATALOG_COMPILER_APPICON_NAME = AppIcon;
				ASSETCATALOG_COMPILER_GLOBAL_ACCENT_COLOR_NAME = AccentColor;
				CODE_SIGN_STYLE = Automatic;
				INFOPLIST_FILE = AddButton/Info.plist;
				LD_RUNPATH_SEARCH_PATHS = (
					"$(inherited)",
					"@executable_path/Frameworks",
				);
				PRODUCT_BUNDLE_IDENTIFIER = "-----------.AddButton";
				PRODUCT_NAME = "$(TARGET_NAME)";
				SWIFT_VERSION = 5.0;
				TARGETED_DEVICE_FAMILY = "1,2";
			};
			name = Release;
		};
/* End XCBuildConfiguration section */

/* Begin XCConfigurationList section */
		B8A73FC42682A68400F99C0C /* Build configuration list for PBXProject "AddButton" */ = {
			isa = XCConfigurationList;
			buildConfigurations = (
				B8A73FDE2682A68400F99C0C /* Debug */,
				B8A73FDF2682A68400F99C0C /* Release */,
			);
			defaultConfigurationIsVisible = 0;
			defaultConfigurationName = Release;
		};
		B8A73FE02682A68400F99C0C /* Build configuration list for PBXNativeTarget "AddButton" */ = {
			isa = XCConfigurationList;
			buildConfigurations = (
				B8A73FE12682A68400F99C0C /* Debug */,
				B8A73FE22682A68400F99C0C /* Release */,
			);
			defaultConfigurationIsVisible = 0;
			defaultConfigurationName = Release;
		};
/* End XCConfigurationList section */

/* Begin XCVersionGroup section */
		B8A73FD52682A68400F99C0C /* AddButton.xcdatamodeld */ = {
			isa = XCVersionGroup;
			children = (
				B8A73FD62682A68400F99C0C /* AddButton.xcdatamodel */,
			);
			currentVersion = B8A73FD62682A68400F99C0C /* AddButton.xcdatamodel */;
			path = AddButton.xcdatamodeld;
			sourceTree = "<group>";
			versionGroupType = wrapper.xcdatamodel;
		};
/* End XCVersionGroup section */
	};
	rootObject = B8A73FC12682A68400F99C0C /* Project object */;
}
