// !$*UTF8*$!
{
	archiveVersion = 1;
	classes = {
	};
	objectVersion = 50;
	objects = {

/* Begin PBXBuildFile section */
		B8360756268481BD008A8053 /* AppDelegate.swift in Sources */ = {isa = PBXBuildFile; fileRef = B8360755268481BD008A8053 /* AppDelegate.swift */; };
		B8360758268481BD008A8053 /* SceneDelegate.swift in Sources */ = {isa = PBXBuildFile; fileRef = B8360757268481BD008A8053 /* SceneDelegate.swift */; };
		B836075A268481BD008A8053 /* ViewController.swift in Sources */ = {isa = PBXBuildFile; fileRef = B8360759268481BD008A8053 /* ViewController.swift */; };
		B836075D268481BD008A8053 /* Main.storyboard in Resources */ = {isa = PBXBuildFile; fileRef = B836075B268481BD008A8053 /* Main.storyboard */; };
		B8360760268481BD008A8053 /* TalbleView2.xcdatamodeld in Sources */ = {isa = PBXBuildFile; fileRef = B836075E268481BD008A8053 /* TalbleView2.xcdatamodeld */; };
		B8360762268481BF008A8053 /* Assets.xcassets in Resources */ = {isa = PBXBuildFile; fileRef = B8360761268481BF008A8053 /* Assets.xcassets */; };
		B8360765268481BF008A8053 /* LaunchScreen.storyboard in Resources */ = {isa = PBXBuildFile; fileRef = B8360763268481BF008A8053 /* LaunchScreen.storyboard */; };
		B89BBBAD268A0EFD001B75D4 /* TableViewCell.swift in Sources */ = {isa = PBXBuildFile; fileRef = B89BBBAC268A0EFD001B75D4 /* TableViewCell.swift */; };
/* End PBXBuildFile section */

/* Begin PBXFileReference section */
		B8360752268481BD008A8053 /* TalbleView2.app */ = {isa = PBXFileReference; explicitFileType = wrapper.application; includeInIndex = 0; path = TalbleView2.app; sourceTree = BUILT_PRODUCTS_DIR; };
		B8360755268481BD008A8053 /* AppDelegate.swift */ = {isa = PBXFileReference; lastKnownFileType = sourcecode.swift; path = AppDelegate.swift; sourceTree = "<group>"; };
		B8360757268481BD008A8053 /* SceneDelegate.swift */ = {isa = PBXFileReference; lastKnownFileType = sourcecode.swift; path = SceneDelegate.swift; sourceTree = "<group>"; };
		B8360759268481BD008A8053 /* ViewController.swift */ = {isa = PBXFileReference; lastKnownFileType = sourcecode.swift; path = ViewController.swift; sourceTree = "<group>"; };
		B836075C268481BD008A8053 /* Base */ = {isa = PBXFileReference; lastKnownFileType = file.storyboard; name = Base; path = Base.lproj/Main.storyboard; sourceTree = "<group>"; };
		B836075F268481BD008A8053 /* TalbleView2.xcdatamodel */ = {isa = PBXFileReference; lastKnownFileType = wrapper.xcdatamodel; path = TalbleView2.xcdatamodel; sourceTree = "<group>"; };
		B8360761268481BF008A8053 /* Assets.xcassets */ = {isa = PBXFileReference; lastKnownFileType = folder.assetcatalog; path = Assets.xcassets; sourceTree = "<group>"; };
		B8360764268481BF008A8053 /* Base */ = {isa = PBXFileReference; lastKnownFileType = file.storyboard; name = Base; path = Base.lproj/LaunchScreen.storyboard; sourceTree = "<group>"; };
		B8360766268481BF008A8053 /* Info.plist */ = {isa = PBXFileReference; lastKnownFileType = text.plist.xml; path = Info.plist; sourceTree = "<group>"; };
		B89BBBAC268A0EFD001B75D4 /* TableViewCell.swift */ = {isa = PBXFileReference; lastKnownFileType = sourcecode.swift; path = TableViewCell.swift; sourceTree = "<group>"; };
/* End PBXFileReference section */

/* Begin PBXFrameworksBuildPhase section */
		B836074F268481BD008A8053 /* Frameworks */ = {
			isa = PBXFrameworksBuildPhase;
			buildActionMask = 2147483647;
			files = (
			);
			runOnlyForDeploymentPostprocessing = 0;
		};
/* End PBXFrameworksBuildPhase section */

/* Begin PBXGroup section */
		B8360749268481BD008A8053 = {
			isa = PBXGroup;
			children = (
				B8360754268481BD008A8053 /* TalbleView2 */,
				B8360753268481BD008A8053 /* Products */,
			);
			sourceTree = "<group>";
		};
		B8360753268481BD008A8053 /* Products */ = {
			isa = PBXGroup;
			children = (
				B8360752268481BD008A8053 /* TalbleView2.app */,
			);
			name = Products;
			sourceTree = "<group>";
		};
		B8360754268481BD008A8053 /* TalbleView2 */ = {
			isa = PBXGroup;
			children = (
				B8360755268481BD008A8053 /* AppDelegate.swift */,
				B8360757268481BD008A8053 /* SceneDelegate.swift */,
				B8360759268481BD008A8053 /* ViewController.swift */,
				B836075B268481BD008A8053 /* Main.storyboard */,
				B8360761268481BF008A8053 /* Assets.xcassets */,
				B8360763268481BF008A8053 /* LaunchScreen.storyboard */,
				B8360766268481BF008A8053 /* Info.plist */,
				B836075E268481BD008A8053 /* TalbleView2.xcdatamodeld */,
				B89BBBAC268A0EFD001B75D4 /* TableViewCell.swift */,
			);
			path = TalbleView2;
			sourceTree = "<group>";
		};
/* End PBXGroup section */

/* Begin PBXNativeTarget section */
		B8360751268481BD008A8053 /* TalbleView2 */ = {
			isa = PBXNativeTarget;
			buildConfigurationList = B8360769268481BF008A8053 /* Build configuration list for PBXNativeTarget "TalbleView2" */;
			buildPhases = (
				B836074E268481BD008A8053 /* Sources */,
				B836074F268481BD008A8053 /* Frameworks */,
				B8360750268481BD008A8053 /* Resources */,
			);
			buildRules = (
			);
			dependencies = (
			);
			name = TalbleView2;
			productName = TalbleView2;
			productReference = B8360752268481BD008A8053 /* TalbleView2.app */;
			productType = "com.apple.product-type.application";
		};
/* End PBXNativeTarget section */

/* Begin PBXProject section */
		B836074A268481BD008A8053 /* Project object */ = {
			isa = PBXProject;
			attributes = {
				LastSwiftUpdateCheck = 1250;
				LastUpgradeCheck = 1250;
				TargetAttributes = {
					B8360751268481BD008A8053 = {
						CreatedOnToolsVersion = 12.5;
					};
				};
			};
			buildConfigurationList = B836074D268481BD008A8053 /* Build configuration list for PBXProject "TalbleView2" */;
			compatibilityVersion = "Xcode 9.3";
			developmentRegion = en;
			hasScannedForEncodings = 0;
			knownRegions = (
				en,
				Base,
			);
			mainGroup = B8360749268481BD008A8053;
			productRefGroup = B8360753268481BD008A8053 /* Products */;
			projectDirPath = "";
			projectRoot = "";
			targets = (
				B8360751268481BD008A8053 /* TalbleView2 */,
			);
		};
/* End PBXProject section */

/* Begin PBXResourcesBuildPhase section */
		B8360750268481BD008A8053 /* Resources */ = {
			isa = PBXResourcesBuildPhase;
			buildActionMask = 2147483647;
			files = (
				B8360765268481BF008A8053 /* LaunchScreen.storyboard in Resources */,
				B8360762268481BF008A8053 /* Assets.xcassets in Resources */,
				B836075D268481BD008A8053 /* Main.storyboard in Resources */,
			);
			runOnlyForDeploymentPostprocessing = 0;
		};
/* End PBXResourcesBuildPhase section */

/* Begin PBXSourcesBuildPhase section */
		B836074E268481BD008A8053 /* Sources */ = {
			isa = PBXSourcesBuildPhase;
			buildActionMask = 2147483647;
			files = (
				B89BBBAD268A0EFD001B75D4 /* TableViewCell.swift in Sources */,
				B836075A268481BD008A8053 /* ViewController.swift in Sources */,
				B8360760268481BD008A8053 /* TalbleView2.xcdatamodeld in Sources */,
				B8360756268481BD008A8053 /* AppDelegate.swift in Sources */,
				B8360758268481BD008A8053 /* SceneDelegate.swift in Sources */,
			);
			runOnlyForDeploymentPostprocessing = 0;
		};
/* End PBXSourcesBuildPhase section */

/* Begin PBXVariantGroup section */
		B836075B268481BD008A8053 /* Main.storyboard */ = {
			isa = PBXVariantGroup;
			children = (
				B836075C268481BD008A8053 /* Base */,
			);
			name = Main.storyboard;
			sourceTree = "<group>";
		};
		B8360763268481BF008A8053 /* LaunchScreen.storyboard */ = {
			isa = PBXVariantGroup;
			children = (
				B8360764268481BF008A8053 /* Base */,
			);
			name = LaunchScreen.storyboard;
			sourceTree = "<group>";
		};
/* End PBXVariantGroup section */

/* Begin XCBuildConfiguration section */
		B8360767268481BF008A8053 /* Debug */ = {
			isa = XCBuildConfiguration;
			buildSettings = {
				ALWAYS_SEARCH_USER_PATHS = NO;
				CLANG_ANALYZER_NONNULL = YES;
				CLANG_ANALYZER_NUMBER_OBJECT_CONVERSION = YES_AGGRESSIVE;
				CLANG_CXX_LANGUAGE_STANDARD = "gnu++14";
				CLANG_CXX_LIBRARY = "libc++";
				CLANG_ENABLE_MODULES = YES;
				CLANG_ENABLE_OBJC_ARC = YES;
				CLANG_ENABLE_OBJC_WEAK = YES;
				CLANG_WARN_BLOCK_CAPTURE_AUTORELEASING = YES;
				CLANG_WARN_BOOL_CONVERSION = YES;
				CLANG_WARN_COMMA = YES;
				CLANG_WARN_CONSTANT_CONVERSION = YES;
				CLANG_WARN_DEPRECATED_OBJC_IMPLEMENTATIONS = YES;
				CLANG_WARN_DIRECT_OBJC_ISA_USAGE = YES_ERROR;
				CLANG_WARN_DOCUMENTATION_COMMENTS = YES;
				CLANG_WARN_EMPTY_BODY = YES;
				CLANG_WARN_ENUM_CONVERSION = YES;
				CLANG_WARN_INFINITE_RECURSION = YES;
				CLANG_WARN_INT_CONVERSION = YES;
				CLANG_WARN_NON_LITERAL_NULL_CONVERSION = YES;
				CLANG_WARN_OBJC_IMPLICIT_RETAIN_SELF = YES;
				CLANG_WARN_OBJC_LITERAL_CONVERSION = YES;
				CLANG_WARN_OBJC_ROOT_CLASS = YES_ERROR;
				CLANG_WARN_QUOTED_INCLUDE_IN_FRAMEWORK_HEADER = YES;
				CLANG_WARN_RANGE_LOOP_ANALYSIS = YES;
				CLANG_WARN_STRICT_PROTOTYPES = YES;
				CLANG_WARN_SUSPICIOUS_MOVE = YES;
				CLANG_WARN_UNGUARDED_AVAILABILITY = YES_AGGRESSIVE;
				CLANG_WARN_UNREACHABLE_CODE = YES;
				CLANG_WARN__DUPLICATE_METHOD_MATCH = YES;
				COPY_PHASE_STRIP = NO;
				DEBUG_INFORMATION_FORMAT = dwarf;
				ENABLE_STRICT_OBJC_MSGSEND = YES;
				ENABLE_TESTABILITY = YES;
				GCC_C_LANGUAGE_STANDARD = gnu11;
				GCC_DYNAMIC_NO_PIC = NO;
				GCC_NO_COMMON_BLOCKS = YES;
				GCC_OPTIMIZATION_LEVEL = 0;
				GCC_PREPROCESSOR_DEFINITIONS = (
					"DEBUG=1",
					"$(inherited)",
				);
				GCC_WARN_64_TO_32_BIT_CONVERSION = YES;
				GCC_WARN_ABOUT_RETURN_TYPE = YES_ERROR;
				GCC_WARN_UNDECLARED_SELECTOR = YES;
				GCC_WARN_UNINITIALIZED_AUTOS = YES_AGGRESSIVE;
				GCC_WARN_UNUSED_FUNCTION = YES;
				GCC_WARN_UNUSED_VARIABLE = YES;
				IPHONEOS_DEPLOYMENT_TARGET = 14.5;
				MTL_ENABLE_DEBUG_INFO = INCLUDE_SOURCE;
				MTL_FAST_MATH = YES;
				ONLY_ACTIVE_ARCH = YES;
				SDKROOT = iphoneos;
				SWIFT_ACTIVE_COMPILATION_CONDITIONS = DEBUG;
				SWIFT_OPTIMIZATION_LEVEL = "-Onone";
			};
			name = Debug;
		};
		B8360768268481BF008A8053 /* Release */ = {
			isa = XCBuildConfiguration;
			buildSettings = {
				ALWAYS_SEARCH_USER_PATHS = NO;
				CLANG_ANALYZER_NONNULL = YES;
				CLANG_ANALYZER_NUMBER_OBJECT_CONVERSION = YES_AGGRESSIVE;
				CLANG_CXX_LANGUAGE_STANDARD = "gnu++14";
				CLANG_CXX_LIBRARY = "libc++";
				CLANG_ENABLE_MODULES = YES;
				CLANG_ENABLE_OBJC_ARC = YES;
				CLANG_ENABLE_OBJC_WEAK = YES;
				CLANG_WARN_BLOCK_CAPTURE_AUTORELEASING = YES;
				CLANG_WARN_BOOL_CONVERSION = YES;
				CLANG_WARN_COMMA = YES;
				CLANG_WARN_CONSTANT_CONVERSION = YES;
				CLANG_WARN_DEPRECATED_OBJC_IMPLEMENTATIONS = YES;
				CLANG_WARN_DIRECT_OBJC_ISA_USAGE = YES_ERROR;
				CLANG_WARN_DOCUMENTATION_COMMENTS = YES;
				CLANG_WARN_EMPTY_BODY = YES;
				CLANG_WARN_ENUM_CONVERSION = YES;
				CLANG_WARN_INFINITE_RECURSION = YES;
				CLANG_WARN_INT_CONVERSION = YES;
				CLANG_WARN_NON_LITERAL_NULL_CONVERSION = YES;
				CLANG_WARN_OBJC_IMPLICIT_RETAIN_SELF = YES;
				CLANG_WARN_OBJC_LITERAL_CONVERSION = YES;
				CLANG_WARN_OBJC_ROOT_CLASS = YES_ERROR;
				CLANG_WARN_QUOTED_INCLUDE_IN_FRAMEWORK_HEADER = YES;
				CLANG_WARN_RANGE_LOOP_ANALYSIS = YES;
				CLANG_WARN_STRICT_PROTOTYPES = YES;
				CLANG_WARN_SUSPICIOUS_MOVE = YES;
				CLANG_WARN_UNGUARDED_AVAILABILITY = YES_AGGRESSIVE;
				CLANG_WARN_UNREACHABLE_CODE = YES;
				CLANG_WARN__DUPLICATE_METHOD_MATCH = YES;
				COPY_PHASE_STRIP = NO;
				DEBUG_INFORMATION_FORMAT = "dwarf-with-dsym";
				ENABLE_NS_ASSERTIONS = NO;
				ENABLE_STRICT_OBJC_MSGSEND = YES;
				GCC_C_LANGUAGE_STANDARD = gnu11;
				GCC_NO_COMMON_BLOCKS = YES;
				GCC_WARN_64_TO_32_BIT_CONVERSION = YES;
				GCC_WARN_ABOUT_RETURN_TYPE = YES_ERROR;
				GCC_WARN_UNDECLARED_SELECTOR = YES;
				GCC_WARN_UNINITIALIZED_AUTOS = YES_AGGRESSIVE;
				GCC_WARN_UNUSED_FUNCTION = YES;
				GCC_WARN_UNUSED_VARIABLE = YES;
				IPHONEOS_DEPLOYMENT_TARGET = 14.5;
				MTL_ENABLE_DEBUG_INFO = NO;
				MTL_FAST_MATH = YES;
				SDKROOT = iphoneos;
				SWIFT_COMPILATION_MODE = wholemodule;
				SWIFT_OPTIMIZATION_LEVEL = "-O";
				VALIDATE_PRODUCT = YES;
			};
			name = Release;
		};
		B836076A268481BF008A8053 /* Debug */ = {
			isa = XCBuildConfiguration;
			buildSettings = {
				ASSETCATALOG_COMPILER_APPICON_NAME = AppIcon;
				ASSETCATALOG_COMPILER_GLOBAL_ACCENT_COLOR_NAME = AccentColor;
				CODE_SIGN_STYLE = Automatic;
				INFOPLIST_FILE = TalbleView2/Info.plist;
				LD_RUNPATH_SEARCH_PATHS = (
					"$(inherited)",
					"@executable_path/Frameworks",
				);
				PRODUCT_BUNDLE_IDENTIFIER = "-----------.TalbleView2";
				PRODUCT_NAME = "$(TARGET_NAME)";
				SWIFT_VERSION = 5.0;
				TARGETED_DEVICE_FAMILY = "1,2";
			};
			name = Debug;
		};
		B836076B268481BF008A8053 /* Release */ = {
			isa = XCBuildConfiguration;
			buildSettings = {
				ASSETCATALOG_COMPILER_APPICON_NAME = AppIcon;
				ASSETCATALOG_COMPILER_GLOBAL_ACCENT_COLOR_NAME = AccentColor;
				CODE_SIGN_STYLE = Automatic;
				INFOPLIST_FILE = TalbleView2/Info.plist;
				LD_RUNPATH_SEARCH_PATHS = (
					"$(inherited)",
					"@executable_path/Frameworks",
				);
				PRODUCT_BUNDLE_IDENTIFIER = "-----------.TalbleView2";
				PRODUCT_NAME = "$(TARGET_NAME)";
				SWIFT_VERSION = 5.0;
				TARGETED_DEVICE_FAMILY = "1,2";
			};
			name = Release;
		};
/* End XCBuildConfiguration section */

/* Begin XCConfigurationList section */
		B836074D268481BD008A8053 /* Build configuration list for PBXProject "TalbleView2" */ = {
			isa = XCConfigurationList;
			buildConfigurations = (
				B8360767268481BF008A8053 /* Debug */,
				B8360768268481BF008A8053 /* Release */,
			);
			defaultConfigurationIsVisible = 0;
			defaultConfigurationName = Release;
		};
		B8360769268481BF008A8053 /* Build configuration list for PBXNativeTarget "TalbleView2" */ = {
			isa = XCConfigurationList;
			buildConfigurations = (
				B836076A268481BF008A8053 /* Debug */,
				B836076B268481BF008A8053 /* Release */,
			);
			defaultConfigurationIsVisible = 0;
			defaultConfigurationName = Release;
		};
/* End XCConfigurationList section */

/* Begin XCVersionGroup section */
		B836075E268481BD008A8053 /* TalbleView2.xcdatamodeld */ = {
			isa = XCVersionGroup;
			children = (
				B836075F268481BD008A8053 /* TalbleView2.xcdatamodel */,
			);
			currentVersion = B836075F268481BD008A8053 /* TalbleView2.xcdatamodel */;
			path = TalbleView2.xcdatamodeld;
			sourceTree = "<group>";
			versionGroupType = wrapper.xcdatamodel;
		};
/* End XCVersionGroup section */
	};
	rootObject = B836074A268481BD008A8053 /* Project object */;
}
